
Microsoft Visual Studio Solution File, Format Version 12.00
# Visual Studio Version 17
VisualStudioVersion = 17.7.34221.43
MinimumVisualStudioVersion = 10.0.40219.1
Project("{9A19103F-16F7-4668-BE54-9A1E7A4F7556}") = "App.Api", "aspnet-project\App.Api.csproj", "{C55F4CB5-ED48-40A7-B561-6B931EA0B640}"
	ProjectSection(ProjectDependencies) = postProject
		{B67332B1-5B97-49BA-B08E-DF827312C556} = {B67332B1-5B97-49BA-B08E-DF827312C556}
		{DE2553F6-1044-4E8B-84E0-932C24C88B41} = {DE2553F6-1044-4E8B-84E0-932C24C88B41}
	EndProjectSection
EndProject
Project("{9A19103F-16F7-4668-BE54-9A1E7A4F7556}") = "App.Application", "App.Application\App.Application.csproj", "{B67332B1-5B97-49BA-B08E-DF827312C556}"
	ProjectSection(ProjectDependencies) = postProject
		{10D47AF4-8544-46D2-BE12-2D88FC461EB0} = {10D47AF4-8544-46D2-BE12-2D88FC461EB0}
		{26D597E5-5B18-483D-BC2A-A1F57055A753} = {26D597E5-5B18-483D-BC2A-A1F57055A753}
	EndProjectSection
EndProject
Project("{9A19103F-16F7-4668-BE54-9A1E7A4F7556}") = "App.Common", "App.Common\App.Common.csproj", "{26D597E5-5B18-483D-BC2A-A1F57055A753}"
EndProject
Project("{9A19103F-16F7-4668-BE54-9A1E7A4F7556}") = "App.Domain", "App.Domain\App.Domain.csproj", "{10D47AF4-8544-46D2-BE12-2D88FC461EB0}"
EndProject
Project("{9A19103F-16F7-4668-BE54-9A1E7A4F7556}") = "App.Persistence", "App.Persistence\App.Persistence.csproj", "{DE2553F6-1044-4E8B-84E0-932C24C88B41}"
	ProjectSection(ProjectDependencies) = postProject
		{10D47AF4-8544-46D2-BE12-2D88FC461EB0} = {10D47AF4-8544-46D2-BE12-2D88FC461EB0}
	EndProjectSection
EndProject
Project("{FAE04EC0-301F-11D3-BF4B-00C04F79EFBC}") = "App.Web", "App.Web\App.Web.csproj", "{7BB6803B-EC6D-41A9-89C8-44AD5404E507}"
EndProject
Global
	GlobalSection(SolutionConfigurationPlatforms) = preSolution
		Debug|Any CPU = Debug|Any CPU
		Release|Any CPU = Release|Any CPU
	EndGlobalSection
	GlobalSection(ProjectConfigurationPlatforms) = postSolution
		{C55F4CB5-ED48-40A7-B561-6B931EA0B640}.Debug|Any CPU.ActiveCfg = Debug|Any CPU
		{C55F4CB5-ED48-40A7-B561-6B931EA0B640}.Debug|Any CPU.Build.0 = Debug|Any CPU
		{C55F4CB5-ED48-40A7-B561-6B931EA0B640}.Release|Any CPU.ActiveCfg = Release|Any CPU
		{C55F4CB5-ED48-40A7-B561-6B931EA0B640}.Release|Any CPU.Build.0 = Release|Any CPU
		{B67332B1-5B97-49BA-B08E-DF827312C556}.Debug|Any CPU.ActiveCfg = Debug|Any CPU
		{B67332B1-5B97-49BA-B08E-DF827312C556}.Debug|Any CPU.Build.0 = Debug|Any CPU
		{B67332B1-5B97-49BA-B08E-DF827312C556}.Release|Any CPU.ActiveCfg = Release|Any CPU
		{B67332B1-5B97-49BA-B08E-DF827312C556}.Release|Any CPU.Build.0 = Release|Any CPU
		{26D597E5-5B18-483D-BC2A-A1F57055A753}.Debug|Any CPU.ActiveCfg = Debug|Any CPU
		{26D597E5-5B18-483D-BC2A-A1F57055A753}.Debug|Any CPU.Build.0 = Debug|Any CPU
		{26D597E5-5B18-483D-BC2A-A1F57055A753}.Release|Any CPU.ActiveCfg = Release|Any CPU
		{26D597E5-5B18-483D-BC2A-A1F57055A753}.Release|Any CPU.Build.0 = Release|Any CPU
		{10D47AF4-8544-46D2-BE12-2D88FC461EB0}.Debug|Any CPU.ActiveCfg = Debug|Any CPU
		{10D47AF4-8544-46D2-BE12-2D88FC461EB0}.Debug|Any CPU.Build.0 = Debug|Any CPU
		{10D47AF4-8544-46D2-BE12-2D88FC461EB0}.Release|Any CPU.ActiveCfg = Release|Any CPU
		{10D47AF4-8544-46D2-BE12-2D88FC461EB0}.Release|Any CPU.Build.0 = Release|Any CPU
		{DE2553F6-1044-4E8B-84E0-932C24C88B41}.Debug|Any CPU.ActiveCfg = Debug|Any CPU
		{DE2553F6-1044-4E8B-84E0-932C24C88B41}.Debug|Any CPU.Build.0 = Debug|Any CPU
		{DE2553F6-1044-4E8B-84E0-932C24C88B41}.Release|Any CPU.ActiveCfg = Release|Any CPU
		{DE2553F6-1044-4E8B-84E0-932C24C88B41}.Release|Any CPU.Build.0 = Release|Any CPU
		{7BB6803B-EC6D-41A9-89C8-44AD5404E507}.Debug|Any CPU.ActiveCfg = Debug|Any CPU
		{7BB6803B-EC6D-41A9-89C8-44AD5404E507}.Debug|Any CPU.Build.0 = Debug|Any CPU
		{7BB6803B-EC6D-41A9-89C8-44AD5404E507}.Release|Any CPU.ActiveCfg = Release|Any CPU
		{7BB6803B-EC6D-41A9-89C8-44AD5404E507}.Release|Any CPU.Build.0 = Release|Any CPU
	EndGlobalSection
	GlobalSection(SolutionProperties) = preSolution
		HideSolutionNode = FALSE
	EndGlobalSection
	GlobalSection(ExtensibilityGlobals) = postSolution
		SolutionGuid = {8C944FEC-1AFF-4466-B55A-4705D3D6B333}
	EndGlobalSection
EndGlobal
